
Microsoft Visual Studio Solution File, Format Version 12.00
# Visual Studio Version 17
VisualStudioVersion = 17.1.32421.90
MinimumVisualStudioVersion = 10.0.40219.1
Project("{FAE04EC0-301F-11D3-BF4B-00C04F79EFBC}") = "AssetMon.UI", "AssetMon\AssetMon.UI.csproj", "{36D321DE-AAC2-42D8-AE0B-3900472AD285}"
EndProject
Project("{FAE04EC0-301F-11D3-BF4B-00C04F79EFBC}") = "AssetMon.Models", "Models\AssetMon.Models.csproj", "{3048B217-4F95-4B0D-80F2-A99102236FC4}"
EndProject
Project("{FAE04EC0-301F-11D3-BF4B-00C04F79EFBC}") = "AssetMon.Data", "Repository\AssetMon.Data.csproj", "{7BC7F7D8-DFD7-4A55-9401-DB731DF122AE}"
EndProject
Project("{FAE04EC0-301F-11D3-BF4B-00C04F79EFBC}") = "AssetMon.Services", "AssetMon.Services\AssetMon.Services.csproj", "{0C6ED12C-4BF2-4D7C-8B60-E0E3FAC2AE20}"
EndProject
Project("{FAE04EC0-301F-11D3-BF4B-00C04F79EFBC}") = "AssetMon.Commons", "AssetMon.Commons\AssetMon.Commons.csproj", "{EEF4CEF1-14AB-4055-87F4-5A7B7D38DC2D}"
EndProject
Global
	GlobalSection(SolutionConfigurationPlatforms) = preSolution
		Debug|Any CPU = Debug|Any CPU
		Release|Any CPU = Release|Any CPU
	EndGlobalSection
	GlobalSection(ProjectConfigurationPlatforms) = postSolution
		{36D321DE-AAC2-42D8-AE0B-3900472AD285}.Debug|Any CPU.ActiveCfg = Debug|Any CPU
		{36D321DE-AAC2-42D8-AE0B-3900472AD285}.Debug|Any CPU.Build.0 = Debug|Any CPU
		{36D321DE-AAC2-42D8-AE0B-3900472AD285}.Release|Any CPU.ActiveCfg = Release|Any CPU
		{36D321DE-AAC2-42D8-AE0B-3900472AD285}.Release|Any CPU.Build.0 = Release|Any CPU
		{3048B217-4F95-4B0D-80F2-A99102236FC4}.Debug|Any CPU.ActiveCfg = Debug|Any CPU
		{3048B217-4F95-4B0D-80F2-A99102236FC4}.Debug|Any CPU.Build.0 = Debug|Any CPU
		{3048B217-4F95-4B0D-80F2-A99102236FC4}.Release|Any CPU.ActiveCfg = Release|Any CPU
		{3048B217-4F95-4B0D-80F2-A99102236FC4}.Release|Any CPU.Build.0 = Release|Any CPU
		{7BC7F7D8-DFD7-4A55-9401-DB731DF122AE}.Debug|Any CPU.ActiveCfg = Debug|Any CPU
		{7BC7F7D8-DFD7-4A55-9401-DB731DF122AE}.Debug|Any CPU.Build.0 = Debug|Any CPU
		{7BC7F7D8-DFD7-4A55-9401-DB731DF122AE}.Release|Any CPU.ActiveCfg = Release|Any CPU
		{7BC7F7D8-DFD7-4A55-9401-DB731DF122AE}.Release|Any CPU.Build.0 = Release|Any CPU
		{0C6ED12C-4BF2-4D7C-8B60-E0E3FAC2AE20}.Debug|Any CPU.ActiveCfg = Debug|Any CPU
		{0C6ED12C-4BF2-4D7C-8B60-E0E3FAC2AE20}.Debug|Any CPU.Build.0 = Debug|Any CPU
		{0C6ED12C-4BF2-4D7C-8B60-E0E3FAC2AE20}.Release|Any CPU.ActiveCfg = Release|Any CPU
		{0C6ED12C-4BF2-4D7C-8B60-E0E3FAC2AE20}.Release|Any CPU.Build.0 = Release|Any CPU
		{EEF4CEF1-14AB-4055-87F4-5A7B7D38DC2D}.Debug|Any CPU.ActiveCfg = Debug|Any CPU
		{EEF4CEF1-14AB-4055-87F4-5A7B7D38DC2D}.Debug|Any CPU.Build.0 = Debug|Any CPU
		{EEF4CEF1-14AB-4055-87F4-5A7B7D38DC2D}.Release|Any CPU.ActiveCfg = Release|Any CPU
		{EEF4CEF1-14AB-4055-87F4-5A7B7D38DC2D}.Release|Any CPU.Build.0 = Release|Any CPU
	EndGlobalSection
	GlobalSection(SolutionProperties) = preSolution
		HideSolutionNode = FALSE
	EndGlobalSection
	GlobalSection(ExtensibilityGlobals) = postSolution
		SolutionGuid = {814CE8B3-9BEE-4C6F-BEF5-5B727A7C38E6}
	EndGlobalSection
EndGlobal
